
Microsoft Visual Studio Solution File, Format Version 12.00
# Visual Studio 15
VisualStudioVersion = 15.0.28307.421
MinimumVisualStudioVersion = 10.0.40219.1
Project("{FAE04EC0-301F-11D3-BF4B-00C04F79EFBC}") = "TeamTS", "TeamTS\TeamTS.csproj", "{2BEDCC32-53C8-47D0-AF8F-8937EB7BA29B}"
EndProject
Global
	GlobalSection(SolutionConfigurationPlatforms) = preSolution
		Debug|Any CPU = Debug|Any CPU
		Release|Any CPU = Release|Any CPU
	EndGlobalSection
	GlobalSection(ProjectConfigurationPlatforms) = postSolution
		{2BEDCC32-53C8-47D0-AF8F-8937EB7BA29B}.Debug|Any CPU.ActiveCfg = Debug|Any CPU
		{2BEDCC32-53C8-47D0-AF8F-8937EB7BA29B}.Debug|Any CPU.Build.0 = Debug|Any CPU
		{2BEDCC32-53C8-47D0-AF8F-8937EB7BA29B}.Release|Any CPU.ActiveCfg = Release|Any CPU
		{2BEDCC32-53C8-47D0-AF8F-8937EB7BA29B}.Release|Any CPU.Build.0 = Release|Any CPU
	EndGlobalSection
	GlobalSection(SolutionProperties) = preSolution
		HideSolutionNode = FALSE
	EndGlobalSection
	GlobalSection(ExtensibilityGlobals) = postSolution
		SolutionGuid = {B2916AAE-C8E3-4F1A-84FC-7C7AC45CFD12}
	EndGlobalSection
EndGlobal
